
Microsoft Visual Studio Solution File, Format Version 12.00
# Visual Studio Version 16
VisualStudioVersion = 16.0.808.7
MinimumVisualStudioVersion = 10.0.40219.1
Project("{FAE04EC0-301F-11D3-BF4B-00C04F79EFBC}") = "TeeShop", "TeeShop\TeeShop.csproj", "{1DDE1C92-BBE0-4D10-8E76-EAE90056C0AA}"
EndProject
Global
	GlobalSection(SolutionConfigurationPlatforms) = preSolution
		Debug|Any CPU = Debug|Any CPU
		Release|Any CPU = Release|Any CPU
	EndGlobalSection
	GlobalSection(ProjectConfigurationPlatforms) = postSolution
		{1DDE1C92-BBE0-4D10-8E76-EAE90056C0AA}.Debug|Any CPU.ActiveCfg = Debug|Any CPU
		{1DDE1C92-BBE0-4D10-8E76-EAE90056C0AA}.Debug|Any CPU.Build.0 = Debug|Any CPU
		{1DDE1C92-BBE0-4D10-8E76-EAE90056C0AA}.Release|Any CPU.ActiveCfg = Release|Any CPU
		{1DDE1C92-BBE0-4D10-8E76-EAE90056C0AA}.Release|Any CPU.Build.0 = Release|Any CPU
	EndGlobalSection
	GlobalSection(SolutionProperties) = preSolution
		HideSolutionNode = FALSE
	EndGlobalSection
	GlobalSection(ExtensibilityGlobals) = postSolution
		SolutionGuid = {75DD0483-7FE3-48DE-ACB1-A75BDB306147}
	EndGlobalSection
EndGlobal
